// !$*UTF8*$!
{
	archiveVersion = 1;
	classes = {
	};
	objectVersion = 48;
	objects = {

/* Begin PBXBuildFile section */
		F77003D5203F2BC6002448A7 /* AppDelegate.swift in Sources */ = {isa = PBXBuildFile; fileRef = F77003D4203F2BC6002448A7 /* AppDelegate.swift */; };
		F77003D7203F2BC6002448A7 /* ViewController.swift in Sources */ = {isa = PBXBuildFile; fileRef = F77003D6203F2BC6002448A7 /* ViewController.swift */; };
		F77003DA203F2BC6002448A7 /* Main.storyboard in Resources */ = {isa = PBXBuildFile; fileRef = F77003D8203F2BC6002448A7 /* Main.storyboard */; };
		F77003DC203F2BC6002448A7 /* Assets.xcassets in Resources */ = {isa = PBXBuildFile; fileRef = F77003DB203F2BC6002448A7 /* Assets.xcassets */; };
		F77003DF203F2BC6002448A7 /* LaunchScreen.storyboard in Resources */ = {isa = PBXBuildFile; fileRef = F77003DD203F2BC6002448A7 /* LaunchScreen.storyboard */; };
		F7B57BCE203F311900EF6B2C /* pokemon.csv in Resources */ = {isa = PBXBuildFile; fileRef = F7B57BCD203F311900EF6B2C /* pokemon.csv */; };
		F7B57BD1203F32E500EF6B2C /* Pokemon.swift in Sources */ = {isa = PBXBuildFile; fileRef = F7B57BD0203F32E500EF6B2C /* Pokemon.swift */; };
		F7B57BD4203F3FD100EF6B2C /* PokeCell.swift in Sources */ = {isa = PBXBuildFile; fileRef = F7B57BD3203F3FD100EF6B2C /* PokeCell.swift */; };
/* End PBXBuildFile section */

/* Begin PBXFileReference section */
		F77003D1203F2BC6002448A7 /* Pokedex4.app */ = {isa = PBXFileReference; explicitFileType = wrapper.application; includeInIndex = 0; path = Pokedex4.app; sourceTree = BUILT_PRODUCTS_DIR; };
		F77003D4203F2BC6002448A7 /* AppDelegate.swift */ = {isa = PBXFileReference; lastKnownFileType = sourcecode.swift; path = AppDelegate.swift; sourceTree = "<group>"; };
		F77003D6203F2BC6002448A7 /* ViewController.swift */ = {isa = PBXFileReference; lastKnownFileType = sourcecode.swift; path = ViewController.swift; sourceTree = "<group>"; };
		F77003D9203F2BC6002448A7 /* Base */ = {isa = PBXFileReference; lastKnownFileType = file.storyboard; name = Base; path = Base.lproj/Main.storyboard; sourceTree = "<group>"; };
		F77003DB203F2BC6002448A7 /* Assets.xcassets */ = {isa = PBXFileReference; lastKnownFileType = folder.assetcatalog; path = Assets.xcassets; sourceTree = "<group>"; };
		F77003DE203F2BC6002448A7 /* Base */ = {isa = PBXFileReference; lastKnownFileType = file.storyboard; name = Base; path = Base.lproj/LaunchScreen.storyboard; sourceTree = "<group>"; };
		F77003E0203F2BC6002448A7 /* Info.plist */ = {isa = PBXFileReference; lastKnownFileType = text.plist.xml; path = Info.plist; sourceTree = "<group>"; };
		F7B57BCD203F311900EF6B2C /* pokemon.csv */ = {isa = PBXFileReference; fileEncoding = 4; lastKnownFileType = text; name = pokemon.csv; path = "pokeapi-master/data/v1/pokemon.csv"; sourceTree = SOURCE_ROOT; };
		F7B57BD0203F32E500EF6B2C /* Pokemon.swift */ = {isa = PBXFileReference; lastKnownFileType = sourcecode.swift; path = Pokemon.swift; sourceTree = "<group>"; };
		F7B57BD3203F3FD100EF6B2C /* PokeCell.swift */ = {isa = PBXFileReference; lastKnownFileType = sourcecode.swift; path = PokeCell.swift; sourceTree = "<group>"; };
/* End PBXFileReference section */

/* Begin PBXFrameworksBuildPhase section */
		F77003CE203F2BC6002448A7 /* Frameworks */ = {
			isa = PBXFrameworksBuildPhase;
			buildActionMask = 2147483647;
			files = (
			);
			runOnlyForDeploymentPostprocessing = 0;
		};
/* End PBXFrameworksBuildPhase section */

/* Begin PBXGroup section */
		F77003C8203F2BC6002448A7 = {
			isa = PBXGroup;
			children = (
				F77003D3203F2BC6002448A7 /* Pokedex4 */,
				F77003D2203F2BC6002448A7 /* Products */,
			);
			sourceTree = "<group>";
		};
		F77003D2203F2BC6002448A7 /* Products */ = {
			isa = PBXGroup;
			children = (
				F77003D1203F2BC6002448A7 /* Pokedex4.app */,
			);
			name = Products;
			sourceTree = "<group>";
		};
		F77003D3203F2BC6002448A7 /* Pokedex4 */ = {
			isa = PBXGroup;
			children = (
				F7B57BD2203F3FAE00EF6B2C /* View */,
				F7B57BCF203F32B200EF6B2C /* Model */,
				F77003D4203F2BC6002448A7 /* AppDelegate.swift */,
				F77003D6203F2BC6002448A7 /* ViewController.swift */,
				F77003D8203F2BC6002448A7 /* Main.storyboard */,
				F77003DB203F2BC6002448A7 /* Assets.xcassets */,
				F7B57BCD203F311900EF6B2C /* pokemon.csv */,
				F77003DD203F2BC6002448A7 /* LaunchScreen.storyboard */,
				F77003E0203F2BC6002448A7 /* Info.plist */,
			);
			path = Pokedex4;
			sourceTree = "<group>";
		};
		F7B57BCF203F32B200EF6B2C /* Model */ = {
			isa = PBXGroup;
			children = (
				F7B57BD0203F32E500EF6B2C /* Pokemon.swift */,
			);
			path = Model;
			sourceTree = "<group>";
		};
		F7B57BD2203F3FAE00EF6B2C /* View */ = {
			isa = PBXGroup;
			children = (
				F7B57BD3203F3FD100EF6B2C /* PokeCell.swift */,
			);
			path = View;
			sourceTree = "<group>";
		};
/* End PBXGroup section */

/* Begin PBXNativeTarget section */
		F77003D0203F2BC6002448A7 /* Pokedex4 */ = {
			isa = PBXNativeTarget;
			buildConfigurationList = F77003E3203F2BC6002448A7 /* Build configuration list for PBXNativeTarget "Pokedex4" */;
			buildPhases = (
				F77003CD203F2BC6002448A7 /* Sources */,
				F77003CE203F2BC6002448A7 /* Frameworks */,
				F77003CF203F2BC6002448A7 /* Resources */,
			);
			buildRules = (
			);
			dependencies = (
			);
			name = Pokedex4;
			productName = Pokedex4;
			productReference = F77003D1203F2BC6002448A7 /* Pokedex4.app */;
			productType = "com.apple.product-type.application";
		};
/* End PBXNativeTarget section */

/* Begin PBXProject section */
		F77003C9203F2BC6002448A7 /* Project object */ = {
			isa = PBXProject;
			attributes = {
				LastSwiftUpdateCheck = 0920;
				LastUpgradeCheck = 0920;
				ORGANIZATIONNAME = "Bruno Campos";
				TargetAttributes = {
					F77003D0203F2BC6002448A7 = {
						CreatedOnToolsVersion = 9.2;
						ProvisioningStyle = Automatic;
					};
				};
			};
			buildConfigurationList = F77003CC203F2BC6002448A7 /* Build configuration list for PBXProject "Pokedex4" */;
			compatibilityVersion = "Xcode 8.0";
			developmentRegion = en;
			hasScannedForEncodings = 0;
			knownRegions = (
				en,
				Base,
			);
			mainGroup = F77003C8203F2BC6002448A7;
			productRefGroup = F77003D2203F2BC6002448A7 /* Products */;
			projectDirPath = "";
			projectRoot = "";
			targets = (
				F77003D0203F2BC6002448A7 /* Pokedex4 */,
			);
		};
/* End PBXProject section */

/* Begin PBXResourcesBuildPhase section */
		F77003CF203F2BC6002448A7 /* Resources */ = {
			isa = PBXResourcesBuildPhase;
			buildActionMask = 2147483647;
			files = (
				F77003DF203F2BC6002448A7 /* LaunchScreen.storyboard in Resources */,
				F77003DC203F2BC6002448A7 /* Assets.xcassets in Resources */,
				F7B57BCE203F311900EF6B2C /* pokemon.csv in Resources */,
				F77003DA203F2BC6002448A7 /* Main.storyboard in Resources */,
			);
			runOnlyForDeploymentPostprocessing = 0;
		};
/* End PBXResourcesBuildPhase section */

/* Begin PBXSourcesBuildPhase section */
		F77003CD203F2BC6002448A7 /* Sources */ = {
			isa = PBXSourcesBuildPhase;
			buildActionMask = 2147483647;
			files = (
				F7B57BD4203F3FD100EF6B2C /* PokeCell.swift in Sources */,
				F77003D7203F2BC6002448A7 /* ViewController.swift in Sources */,
				F77003D5203F2BC6002448A7 /* AppDelegate.swift in Sources */,
				F7B57BD1203F32E500EF6B2C /* Pokemon.swift in Sources */,
			);
			runOnlyForDeploymentPostprocessing = 0;
		};
/* End PBXSourcesBuildPhase section */

/* Begin PBXVariantGroup section */
		F77003D8203F2BC6002448A7 /* Main.storyboard */ = {
			isa = PBXVariantGroup;
			children = (
				F77003D9203F2BC6002448A7 /* Base */,
			);
			name = Main.storyboard;
			sourceTree = "<group>";
		};
		F77003DD203F2BC6002448A7 /* LaunchScreen.storyboard */ = {
			isa = PBXVariantGroup;
			children = (
				F77003DE203F2BC6002448A7 /* Base */,
			);
			name = LaunchScreen.storyboard;
			sourceTree = "<group>";
		};
/* End PBXVariantGroup section */

/* Begin XCBuildConfiguration section */
		F77003E1203F2BC6002448A7 /* Debug */ = {
			isa = XCBuildConfiguration;
			buildSettings = {
				ALWAYS_SEARCH_USER_PATHS = NO;
				CLANG_ANALYZER_NONNULL = YES;
				CLANG_ANALYZER_NUMBER_OBJECT_CONVERSION = YES_AGGRESSIVE;
				CLANG_CXX_LANGUAGE_STANDARD = "gnu++14";
				CLANG_CXX_LIBRARY = "libc++";
				CLANG_ENABLE_MODULES = YES;
				CLANG_ENABLE_OBJC_ARC = YES;
				CLANG_WARN_BLOCK_CAPTURE_AUTORELEASING = YES;
				CLANG_WARN_BOOL_CONVERSION = YES;
				CLANG_WARN_COMMA = YES;
				CLANG_WARN_CONSTANT_CONVERSION = YES;
				CLANG_WARN_DIRECT_OBJC_ISA_USAGE = YES_ERROR;
				CLANG_WARN_DOCUMENTATION_COMMENTS = YES;
				CLANG_WARN_EMPTY_BODY = YES;
				CLANG_WARN_ENUM_CONVERSION = YES;
				CLANG_WARN_INFINITE_RECURSION = YES;
				CLANG_WARN_INT_CONVERSION = YES;
				CLANG_WARN_NON_LITERAL_NULL_CONVERSION = YES;
				CLANG_WARN_OBJC_LITERAL_CONVERSION = YES;
				CLANG_WARN_OBJC_ROOT_CLASS = YES_ERROR;
				CLANG_WARN_RANGE_LOOP_ANALYSIS = YES;
				CLANG_WARN_STRICT_PROTOTYPES = YES;
				CLANG_WARN_SUSPICIOUS_MOVE = YES;
				CLANG_WARN_UNGUARDED_AVAILABILITY = YES_AGGRESSIVE;
				CLANG_WARN_UNREACHABLE_CODE = YES;
				CLANG_WARN__DUPLICATE_METHOD_MATCH = YES;
				CODE_SIGN_IDENTITY = "iPhone Developer";
				COPY_PHASE_STRIP = NO;
				DEBUG_INFORMATION_FORMAT = dwarf;
				ENABLE_STRICT_OBJC_MSGSEND = YES;
				ENABLE_TESTABILITY = YES;
				GCC_C_LANGUAGE_STANDARD = gnu11;
				GCC_DYNAMIC_NO_PIC = NO;
				GCC_NO_COMMON_BLOCKS = YES;
				GCC_OPTIMIZATION_LEVEL = 0;
				GCC_PREPROCESSOR_DEFINITIONS = (
					"DEBUG=1",
					"$(inherited)",
				);
				GCC_WARN_64_TO_32_BIT_CONVERSION = YES;
				GCC_WARN_ABOUT_RETURN_TYPE = YES_ERROR;
				GCC_WARN_UNDECLARED_SELECTOR = YES;
				GCC_WARN_UNINITIALIZED_AUTOS = YES_AGGRESSIVE;
				GCC_WARN_UNUSED_FUNCTION = YES;
				GCC_WARN_UNUSED_VARIABLE = YES;
				IPHONEOS_DEPLOYMENT_TARGET = 11.2;
				MTL_ENABLE_DEBUG_INFO = YES;
				ONLY_ACTIVE_ARCH = YES;
				SDKROOT = iphoneos;
				SWIFT_ACTIVE_COMPILATION_CONDITIONS = DEBUG;
				SWIFT_OPTIMIZATION_LEVEL = "-Onone";
			};
			name = Debug;
		};
		F77003E2203F2BC6002448A7 /* Release */ = {
			isa = XCBuildConfiguration;
			buildSettings = {
				ALWAYS_SEARCH_USER_PATHS = NO;
				CLANG_ANALYZER_NONNULL = YES;
				CLANG_ANALYZER_NUMBER_OBJECT_CONVERSION = YES_AGGRESSIVE;
				CLANG_CXX_LANGUAGE_STANDARD = "gnu++14";
				CLANG_CXX_LIBRARY = "libc++";
				CLANG_ENABLE_MODULES = YES;
				CLANG_ENABLE_OBJC_ARC = YES;
				CLANG_WARN_BLOCK_CAPTURE_AUTORELEASING = YES;
				CLANG_WARN_BOOL_CONVERSION = YES;
				CLANG_WARN_COMMA = YES;
				CLANG_WARN_CONSTANT_CONVERSION = YES;
				CLANG_WARN_DIRECT_OBJC_ISA_USAGE = YES_ERROR;
				CLANG_WARN_DOCUMENTATION_COMMENTS = YES;
				CLANG_WARN_EMPTY_BODY = YES;
				CLANG_WARN_ENUM_CONVERSION = YES;
				CLANG_WARN_INFINITE_RECURSION = YES;
				CLANG_WARN_INT_CONVERSION = YES;
				CLANG_WARN_NON_LITERAL_NULL_CONVERSION = YES;
				CLANG_WARN_OBJC_LITERAL_CONVERSION = YES;
				CLANG_WARN_OBJC_ROOT_CLASS = YES_ERROR;
				CLANG_WARN_RANGE_LOOP_ANALYSIS = YES;
				CLANG_WARN_STRICT_PROTOTYPES = YES;
				CLANG_WARN_SUSPICIOUS_MOVE = YES;
				CLANG_WARN_UNGUARDED_AVAILABILITY = YES_AGGRESSIVE;
				CLANG_WARN_UNREACHABLE_CODE = YES;
				CLANG_WARN__DUPLICATE_METHOD_MATCH = YES;
				CODE_SIGN_IDENTITY = "iPhone Developer";
				COPY_PHASE_STRIP = NO;
				DEBUG_INFORMATION_FORMAT = "dwarf-with-dsym";
				ENABLE_NS_ASSERTIONS = NO;
				ENABLE_STRICT_OBJC_MSGSEND = YES;
				GCC_C_LANGUAGE_STANDARD = gnu11;
				GCC_NO_COMMON_BLOCKS = YES;
				GCC_WARN_64_TO_32_BIT_CONVERSION = YES;
				GCC_WARN_ABOUT_RETURN_TYPE = YES_ERROR;
				GCC_WARN_UNDECLARED_SELECTOR = YES;
				GCC_WARN_UNINITIALIZED_AUTOS = YES_AGGRESSIVE;
				GCC_WARN_UNUSED_FUNCTION = YES;
				GCC_WARN_UNUSED_VARIABLE = YES;
				IPHONEOS_DEPLOYMENT_TARGET = 11.2;
				MTL_ENABLE_DEBUG_INFO = NO;
				SDKROOT = iphoneos;
				SWIFT_OPTIMIZATION_LEVEL = "-Owholemodule";
				VALIDATE_PRODUCT = YES;
			};
			name = Release;
		};
		F77003E4203F2BC6002448A7 /* Debug */ = {
			isa = XCBuildConfiguration;
			buildSettings = {
				ASSETCATALOG_COMPILER_APPICON_NAME = AppIcon;
				CODE_SIGN_STYLE = Automatic;
				DEVELOPMENT_TEAM = PHHGHM5K66;
				INFOPLIST_FILE = Pokedex4/Info.plist;
				LD_RUNPATH_SEARCH_PATHS = "$(inherited) @executable_path/Frameworks";
				PRODUCT_BUNDLE_IDENTIFIER = com.camps.Pokedex4;
				PRODUCT_NAME = "$(TARGET_NAME)";
				SWIFT_VERSION = 4.0;
				TARGETED_DEVICE_FAMILY = "1,2";
			};
			name = Debug;
		};
		F77003E5203F2BC6002448A7 /* Release */ = {
			isa = XCBuildConfiguration;
			buildSettings = {
				ASSETCATALOG_COMPILER_APPICON_NAME = AppIcon;
				CODE_SIGN_STYLE = Automatic;
				DEVELOPMENT_TEAM = PHHGHM5K66;
				INFOPLIST_FILE = Pokedex4/Info.plist;
				LD_RUNPATH_SEARCH_PATHS = "$(inherited) @executable_path/Frameworks";
				PRODUCT_BUNDLE_IDENTIFIER = com.camps.Pokedex4;
				PRODUCT_NAME = "$(TARGET_NAME)";
				SWIFT_VERSION = 4.0;
				TARGETED_DEVICE_FAMILY = "1,2";
			};
			name = Release;
		};
/* End XCBuildConfiguration section */

/* Begin XCConfigurationList section */
		F77003CC203F2BC6002448A7 /* Build configuration list for PBXProject "Pokedex4" */ = {
			isa = XCConfigurationList;
			buildConfigurations = (
				F77003E1203F2BC6002448A7 /* Debug */,
				F77003E2203F2BC6002448A7 /* Release */,
			);
			defaultConfigurationIsVisible = 0;
			defaultConfigurationName = Release;
		};
		F77003E3203F2BC6002448A7 /* Build configuration list for PBXNativeTarget "Pokedex4" */ = {
			isa = XCConfigurationList;
			buildConfigurations = (
				F77003E4203F2BC6002448A7 /* Debug */,
				F77003E5203F2BC6002448A7 /* Release */,
			);
			defaultConfigurationIsVisible = 0;
			defaultConfigurationName = Release;
		};
/* End XCConfigurationList section */
	};
	rootObject = F77003C9203F2BC6002448A7 /* Project object */;
}
